<?xml version="1.0" encoding="utf-8"?>
<Project ToolsVersion="4.0" xmlns="http://schemas.microsoft.com/developer/msbuild/2003">
  <ItemGroup>
    <Filter Include="Source Files">
      <UniqueIdentifier>{4FC737F1-C7A5-4376-A066-2A32D752A2FF}</UniqueIdentifier>
      <Extensions>cpp;c;cc;cxx;c++;cppm;ixx;def;odl;idl;hpj;bat;asm;asmx</Extensions>
    </Filter>
    <Filter Include="Header Files">
      <UniqueIdentifier>{93995380-89BD-4b04-88EB-625FBE52EBFB}</UniqueIdentifier>
      <Extensions>h;hh;hpp;hxx;h++;hm;inl;inc;ipp;xsd</Extensions>
    </Filter>
    <Filter Include="Resource Files">
      <UniqueIdentifier>{67DA6AB6-F800-4c08-8B7A-83BB121AAD01}</UniqueIdentifier>
      <Extensions>rc;ico;cur;bmp;dlg;rc2;rct;bin;rgs;gif;jpg;jpeg;jpe;resx;tiff;tif;png;wav;mfcribbon-ms</Extensions>
    </Filter>
  </ItemGroup>
  <ItemGroup>
    <ClCompile Include="fif-interpreter.cpp">
      <Filter>Source Files</Filter>
    </ClCompile>
  </ItemGroup>
  <ItemGroup>
    <ClInclude Include="unordered_dense.h">
      <Filter>Header Files</Filter>
    </ClInclude>
    <ClInclude Include="fif.hpp">
      <Filter>Header Files</Filter>
    </ClInclude>
    <ClInclude Include="llvm-c\Analysis.h">
      <Filter>Header Files</Filter>
    </ClInclude>
    <ClInclude Include="llvm-c\BitReader.h">
      <Filter>Header Files</Filter>
    </ClInclude>
    <ClInclude Include="llvm-c\BitWriter.h">
      <Filter>Header Files</Filter>
    </ClInclude>
    <ClInclude Include="llvm-c\blake3.h">
      <Filter>Header Files</Filter>
    </ClInclude>
    <ClInclude Include="llvm-c\Comdat.h">
      <Filter>Header Files</Filter>
    </ClInclude>
    <ClInclude Include="llvm-c\Core.h">
      <Filter>Header Files</Filter>
    </ClInclude>
    <ClInclude Include="llvm-c\DataTypes.h">
      <Filter>Header Files</Filter>
    </ClInclude>
    <ClInclude Include="llvm-c\DebugInfo.h">
      <Filter>Header Files</Filter>
    </ClInclude>
    <ClInclude Include="llvm-c\Deprecated.h">
      <Filter>Header Files</Filter>
    </ClInclude>
    <ClInclude Include="llvm-c\Disassembler.h">
      <Filter>Header Files</Filter>
    </ClInclude>
    <ClInclude Include="llvm-c\DisassemblerTypes.h">
      <Filter>Header Files</Filter>
    </ClInclude>
    <ClInclude Include="llvm-c\Error.h">
      <Filter>Header Files</Filter>
    </ClInclude>
    <ClInclude Include="llvm-c\ErrorHandling.h">
      <Filter>Header Files</Filter>
    </ClInclude>
    <ClInclude Include="llvm-c\ExecutionEngine.h">
      <Filter>Header Files</Filter>
    </ClInclude>
    <ClInclude Include="llvm-c\ExternC.h">
      <Filter>Header Files</Filter>
    </ClInclude>
    <ClInclude Include="llvm-c\IRReader.h">
      <Filter>Header Files</Filter>
    </ClInclude>
    <ClInclude Include="llvm-c\Linker.h">
      <Filter>Header Files</Filter>
    </ClInclude>
    <ClInclude Include="llvm-c\LLJIT.h">
      <Filter>Header Files</Filter>
    </ClInclude>
    <ClInclude Include="llvm-c\LLJITUtils.h">
      <Filter>Header Files</Filter>
    </ClInclude>
    <ClInclude Include="llvm-c\lto.h">
      <Filter>Header Files</Filter>
    </ClInclude>
    <ClInclude Include="llvm-c\Object.h">
      <Filter>Header Files</Filter>
    </ClInclude>
    <ClInclude Include="llvm-c\Orc.h">
      <Filter>Header Files</Filter>
    </ClInclude>
    <ClInclude Include="llvm-c\OrcEE.h">
      <Filter>Header Files</Filter>
    </ClInclude>
    <ClInclude Include="llvm-c\Remarks.h">
      <Filter>Header Files</Filter>
    </ClInclude>
    <ClInclude Include="llvm-c\Support.h">
      <Filter>Header Files</Filter>
    </ClInclude>
    <ClInclude Include="llvm-c\Target.h">
      <Filter>Header Files</Filter>
    </ClInclude>
    <ClInclude Include="llvm-c\TargetMachine.h">
      <Filter>Header Files</Filter>
    </ClInclude>
    <ClInclude Include="llvm-c\Types.h">
      <Filter>Header Files</Filter>
    </ClInclude>
    <ClInclude Include="llvm-c\Transforms\PassBuilder.h">
      <Filter>Header Files</Filter>
    </ClInclude>
    <ClInclude Include="fif_language.hpp">
      <Filter>Header Files</Filter>
    </ClInclude>
    <ClInclude Include="fif_basic_types.hpp">
      <Filter>Header Files</Filter>
    </ClInclude>
    <ClInclude Include="fif_type_management.hpp">
      <Filter>Header Files</Filter>
    </ClInclude>
    <ClInclude Include="fif_lexical.hpp">
      <Filter>Header Files</Filter>
    </ClInclude>
  </ItemGroup>
</Project>